
Microsoft Visual Studio Solution File, Format Version 12.00
Project("{FAE04EC0-301F-11D3-BF4B-00C04F79EFBC}") = "ChatApp", "ChatApp\ChatApp.csproj", "{816CB322-FD90-4814-A892-2F5003425F4F}"
EndProject
Project("{FAE04EC0-301F-11D3-BF4B-00C04F79EFBC}") = "ClientTextApp", "ClientTextApp\ClientTextApp.csproj", "{C68C5840-60DA-4016-B796-9B4EA7EDAEA5}"
EndProject
Project("{FAE04EC0-301F-11D3-BF4B-00C04F79EFBC}") = "Communication", "Communication\Communication.csproj", "{C7B117CD-A2C0-4E27-A72D-DC5A985867D0}"
EndProject
Project("{FAE04EC0-301F-11D3-BF4B-00C04F79EFBC}") = "ClientGUIApp", "ClientGUIApp\ClientGUIApp.csproj", "{A1C5BE3B-6F60-4C39-A9D0-0495B2200CF1}"
EndProject
Global
	GlobalSection(SolutionConfigurationPlatforms) = preSolution
		Debug|Any CPU = Debug|Any CPU
		Release|Any CPU = Release|Any CPU
	EndGlobalSection
	GlobalSection(ProjectConfigurationPlatforms) = postSolution
		{816CB322-FD90-4814-A892-2F5003425F4F}.Debug|Any CPU.ActiveCfg = Debug|Any CPU
		{816CB322-FD90-4814-A892-2F5003425F4F}.Debug|Any CPU.Build.0 = Debug|Any CPU
		{816CB322-FD90-4814-A892-2F5003425F4F}.Release|Any CPU.ActiveCfg = Release|Any CPU
		{816CB322-FD90-4814-A892-2F5003425F4F}.Release|Any CPU.Build.0 = Release|Any CPU
		{C68C5840-60DA-4016-B796-9B4EA7EDAEA5}.Debug|Any CPU.ActiveCfg = Debug|Any CPU
		{C68C5840-60DA-4016-B796-9B4EA7EDAEA5}.Debug|Any CPU.Build.0 = Debug|Any CPU
		{C68C5840-60DA-4016-B796-9B4EA7EDAEA5}.Release|Any CPU.ActiveCfg = Release|Any CPU
		{C68C5840-60DA-4016-B796-9B4EA7EDAEA5}.Release|Any CPU.Build.0 = Release|Any CPU
		{C7B117CD-A2C0-4E27-A72D-DC5A985867D0}.Debug|Any CPU.ActiveCfg = Debug|Any CPU
		{C7B117CD-A2C0-4E27-A72D-DC5A985867D0}.Debug|Any CPU.Build.0 = Debug|Any CPU
		{C7B117CD-A2C0-4E27-A72D-DC5A985867D0}.Release|Any CPU.ActiveCfg = Release|Any CPU
		{C7B117CD-A2C0-4E27-A72D-DC5A985867D0}.Release|Any CPU.Build.0 = Release|Any CPU
		{A1C5BE3B-6F60-4C39-A9D0-0495B2200CF1}.Debug|Any CPU.ActiveCfg = Debug|Any CPU
		{A1C5BE3B-6F60-4C39-A9D0-0495B2200CF1}.Debug|Any CPU.Build.0 = Debug|Any CPU
		{A1C5BE3B-6F60-4C39-A9D0-0495B2200CF1}.Release|Any CPU.ActiveCfg = Release|Any CPU
		{A1C5BE3B-6F60-4C39-A9D0-0495B2200CF1}.Release|Any CPU.Build.0 = Release|Any CPU
	EndGlobalSection
EndGlobal
